{
  "lockfile-version": 1,
  "manifest": {
    "version": 1,
    "install": {
      "cmake": {
        "pkg-path": "cmake"
      },
      "heaptrack": {
        "pkg-path": "heaptrack"
      },
      "leveldb": {
        "pkg-path": "leveldb"
      },
      "nginx": {
        "pkg-path": "nginx"
      },
      "pcre": {
        "pkg-path": "pcre"
      },
      "python3": {
        "pkg-path": "python3"
      },
      "samply": {
        "pkg-path": "samply"
      },
      "snappy": {
        "pkg-path": "snappy"
      },
      "tokio-console": {
        "pkg-path": "tokio-console"
      },
      "wrk": {
        "pkg-path": "wrk"
      }
    },
    "vars": {},
    "hook": {
      "on-activate": "  # Autogenerated by Flox\n\n  # Setup a Python virtual environment\n\n  export PYTHON_DIR=\"$FLOX_ENV_CACHE/python\"\n  if [ ! -d \"$PYTHON_DIR\" ]; then\n    echo \"Creating python virtual environment in $PYTHON_DIR\"\n    python -m venv \"$PYTHON_DIR\"\n  fi\n\n  # Quietly activate venv and install packages in a subshell so\n  # that the venv can be freshly activated in the profile section.\n  (\n    source \"$PYTHON_DIR/bin/activate\"\n    pip install -r \"$FLOX_ENV_PROJECT/requirements.txt\" --quiet\n  )\n\n  # End autogenerated by Flox\n"
    },
    "profile": {
      "bash": "  # Autogenerated by Flox\n\n  echo \"Activating python virtual environment\" >&2\n  source \"$PYTHON_DIR/bin/activate\"\n\n  # End autogenerated by Flox\n",
      "zsh": "  # Autogenerated by Flox\n\n  echo \"Activating python virtual environment\" >&2\n  source \"$PYTHON_DIR/bin/activate\"\n\n  # End autogenerated by Flox\n",
      "fish": "  # Autogenerated by Flox\n\n  echo \"Activating python virtual environment\" >&2\n  source \"$PYTHON_DIR/bin/activate.fish\"\n\n  # End autogenerated by Flox",
      "tcsh": "  # Autogenerated by Flox\n\n  echo \"Activating python virtual environment\" >&2\n  source \"$PYTHON_DIR/bin/activate.csh\"\n\n  # End autogenerated by Flox"
    },
    "options": {
      "systems": [
        "aarch64-darwin",
        "aarch64-linux",
        "x86_64-darwin",
        "x86_64-linux"
      ],
      "allow": {
        "licenses": []
      },
      "semver": {}
    }
  },
  "packages": [
    {
      "attr_path": "cmake",
      "broken": false,
      "derivation": "/nix/store/gjdc9h6km9dafn6vrxwzi5qhdcz7vy1z-cmake-3.29.6.drv",
      "description": "Cross-platform, open-source build system generator",
      "install_id": "cmake",
      "license": "BSD-3-Clause",
      "locked_url": "https://github.com/flox/nixpkgs?rev=4f807e8940284ad7925ebd0a0993d2a1791acb2f",
      "name": "cmake-3.29.6",
      "pname": "cmake",
      "rev": "4f807e8940284ad7925ebd0a0993d2a1791acb2f",
      "rev_count": 680062,
      "rev_date": "2024-09-11T13:54:33Z",
      "scrape_date": "2024-09-14T03:13:36Z",
      "stabilities": [
        "unstable"
      ],
      "unfree": false,
      "version": "3.29.6",
      "outputs_to_install": [
        "out"
      ],
      "outputs": {
        "out": "/nix/store/bnw436hkmrzi6wa2i8n6swyc35hw63zk-cmake-3.29.6"
      },
      "system": "aarch64-darwin",
      "group": "toplevel",
      "priority": 5
    },
    {
      "attr_path": "cmake",
      "broken": false,
      "derivation": "/nix/store/mrwx6fwlwq574z109f9399icplnchmjk-cmake-3.29.6.drv",
      "description": "Cross-platform, open-source build system generator",
      "install_id": "cmake",
      "license": "BSD-3-Clause",
      "locked_url": "https://github.com/flox/nixpkgs?rev=4f807e8940284ad7925ebd0a0993d2a1791acb2f",
      "name": "cmake-3.29.6",
      "pname": "cmake",
      "rev": "4f807e8940284ad7925ebd0a0993d2a1791acb2f",
      "rev_count": 680062,
      "rev_date": "2024-09-11T13:54:33Z",
      "scrape_date": "2024-09-14T03:13:36Z",
      "stabilities": [
        "unstable"
      ],
      "unfree": false,
      "version": "3.29.6",
      "outputs_to_install": [
        "out"
      ],
      "outputs": {
        "debug": "/nix/store/nxhkn6c32i7rvjw3i12bffb3q911g7hj-cmake-3.29.6-debug",
        "out": "/nix/store/rd3byxvm1pxl923nc5vx79pykq4wh4li-cmake-3.29.6"
      },
      "system": "aarch64-linux",
      "group": "toplevel",
      "priority": 5
    },
    {
      "attr_path": "cmake",
      "broken": false,
      "derivation": "/nix/store/s0xgpp7npzsvsgs2sxyav2yfgjn8zprj-cmake-3.29.6.drv",
      "description": "Cross-platform, open-source build system generator",
      "install_id": "cmake",
      "license": "BSD-3-Clause",
      "locked_url": "https://github.com/flox/nixpkgs?rev=4f807e8940284ad7925ebd0a0993d2a1791acb2f",
      "name": "cmake-3.29.6",
      "pname": "cmake",
      "rev": "4f807e8940284ad7925ebd0a0993d2a1791acb2f",
      "rev_count": 680062,
      "rev_date": "2024-09-11T13:54:33Z",
      "scrape_date": "2024-09-14T03:13:36Z",
      "stabilities": [
        "unstable"
      ],
      "unfree": false,
      "version": "3.29.6",
      "outputs_to_install": [
        "out"
      ],
      "outputs": {
        "out": "/nix/store/zjv124gn2b7zkxjf97plmf9hl5fxnpvi-cmake-3.29.6"
      },
      "system": "x86_64-darwin",
      "group": "toplevel",
      "priority": 5
    },
    {
      "attr_path": "cmake",
      "broken": false,
      "derivation": "/nix/store/1rchq3x4xj3kns8v0i680g12129x9wbm-cmake-3.29.6.drv",
      "description": "Cross-platform, open-source build system generator",
      "install_id": "cmake",
      "license": "BSD-3-Clause",
      "locked_url": "https://github.com/flox/nixpkgs?rev=4f807e8940284ad7925ebd0a0993d2a1791acb2f",
      "name": "cmake-3.29.6",
      "pname": "cmake",
      "rev": "4f807e8940284ad7925ebd0a0993d2a1791acb2f",
      "rev_count": 680062,
      "rev_date": "2024-09-11T13:54:33Z",
      "scrape_date": "2024-09-14T03:13:36Z",
      "stabilities": [
        "unstable"
      ],
      "unfree": false,
      "version": "3.29.6",
      "outputs_to_install": [
        "out"
      ],
      "outputs": {
        "debug": "/nix/store/rjyfyyrfshs95b5mj6spr0ywgkiajidw-cmake-3.29.6-debug",
        "out": "/nix/store/yzi080r2c1zn2jzrhcfdv7dmr92yw07l-cmake-3.29.6"
      },
      "system": "x86_64-linux",
      "group": "toplevel",
      "priority": 5
    },
    {
      "attr_path": "heaptrack",
      "broken": false,
      "derivation": "/nix/store/49h2vj1dg6x64fygpdr03l8d6n2hh435-heaptrack-1.5.0.drv",
      "description": "Heap memory profiler for Linux",
      "install_id": "heaptrack",
      "license": "LGPL-2.1-or-later",
      "locked_url": "https://github.com/flox/nixpkgs?rev=4f807e8940284ad7925ebd0a0993d2a1791acb2f",
      "name": "heaptrack-1.5.0",
      "pname": "heaptrack",
      "rev": "4f807e8940284ad7925ebd0a0993d2a1791acb2f",
      "rev_count": 680062,
      "rev_date": "2024-09-11T13:54:33Z",
      "scrape_date": "2024-09-14T03:13:36Z",
      "stabilities": [
        "unstable"
      ],
      "unfree": false,
      "version": "1.5.0",
      "outputs_to_install": [
        "out"
      ],
      "outputs": {
        "out": "/nix/store/rn03l4s6vsp343wk5prka95ln77wfqmn-heaptrack-1.5.0"
      },
      "system": "aarch64-darwin",
      "group": "toplevel",
      "priority": 5
    },
    {
      "attr_path": "heaptrack",
      "broken": false,
      "derivation": "/nix/store/43d11jlsk7gvw5fixsfbcqrjniqk53yk-heaptrack-1.5.0.drv",
      "description": "Heap memory profiler for Linux",
      "install_id": "heaptrack",
      "license": "LGPL-2.1-or-later",
      "locked_url": "https://github.com/flox/nixpkgs?rev=4f807e8940284ad7925ebd0a0993d2a1791acb2f",
      "name": "heaptrack-1.5.0",
      "pname": "heaptrack",
      "rev": "4f807e8940284ad7925ebd0a0993d2a1791acb2f",
      "rev_count": 680062,
      "rev_date": "2024-09-11T13:54:33Z",
      "scrape_date": "2024-09-14T03:13:36Z",
      "stabilities": [
        "unstable"
      ],
      "unfree": false,
      "version": "1.5.0",
      "outputs_to_install": [
        "out"
      ],
      "outputs": {
        "out": "/nix/store/dp17rn0bvbdg1m20xiyh7f2kbwhnps49-heaptrack-1.5.0"
      },
      "system": "aarch64-linux",
      "group": "toplevel",
      "priority": 5
    },
    {
      "attr_path": "heaptrack",
      "broken": false,
      "derivation": "/nix/store/dfv2cxcc95x80cm4mi3pfm92hv25fs45-heaptrack-1.5.0.drv",
      "description": "Heap memory profiler for Linux",
      "install_id": "heaptrack",
      "license": "LGPL-2.1-or-later",
      "locked_url": "https://github.com/flox/nixpkgs?rev=4f807e8940284ad7925ebd0a0993d2a1791acb2f",
      "name": "heaptrack-1.5.0",
      "pname": "heaptrack",
      "rev": "4f807e8940284ad7925ebd0a0993d2a1791acb2f",
      "rev_count": 680062,
      "rev_date": "2024-09-11T13:54:33Z",
      "scrape_date": "2024-09-14T03:13:36Z",
      "stabilities": [
        "unstable"
      ],
      "unfree": false,
      "version": "1.5.0",
      "outputs_to_install": [
        "out"
      ],
      "outputs": {
        "out": "/nix/store/3bn79kjbxb1spj1s6hq165m3ig14y8x3-heaptrack-1.5.0"
      },
      "system": "x86_64-darwin",
      "group": "toplevel",
      "priority": 5
    },
    {
      "attr_path": "heaptrack",
      "broken": false,
      "derivation": "/nix/store/wic5yy4c56xj1pb7l0xyj34b65li8cy7-heaptrack-1.5.0.drv",
      "description": "Heap memory profiler for Linux",
      "install_id": "heaptrack",
      "license": "LGPL-2.1-or-later",
      "locked_url": "https://github.com/flox/nixpkgs?rev=4f807e8940284ad7925ebd0a0993d2a1791acb2f",
      "name": "heaptrack-1.5.0",
      "pname": "heaptrack",
      "rev": "4f807e8940284ad7925ebd0a0993d2a1791acb2f",
      "rev_count": 680062,
      "rev_date": "2024-09-11T13:54:33Z",
      "scrape_date": "2024-09-14T03:13:36Z",
      "stabilities": [
        "unstable"
      ],
      "unfree": false,
      "version": "1.5.0",
      "outputs_to_install": [
        "out"
      ],
      "outputs": {
        "out": "/nix/store/bgyh1bardqgwkv8aidy3a7dxvx4gpqc5-heaptrack-1.5.0"
      },
      "system": "x86_64-linux",
      "group": "toplevel",
      "priority": 5
    },
    {
      "attr_path": "leveldb",
      "broken": false,
      "derivation": "/nix/store/7zxh8zcp65aqqny3cm0dvx8jhp9zpf71-leveldb-1.23.drv",
      "description": "Fast and lightweight key/value database library by Google",
      "install_id": "leveldb",
      "license": "BSD-3-Clause",
      "locked_url": "https://github.com/flox/nixpkgs?rev=4f807e8940284ad7925ebd0a0993d2a1791acb2f",
      "name": "leveldb-1.23",
      "pname": "leveldb",
      "rev": "4f807e8940284ad7925ebd0a0993d2a1791acb2f",
      "rev_count": 680062,
      "rev_date": "2024-09-11T13:54:33Z",
      "scrape_date": "2024-09-14T03:13:36Z",
      "stabilities": [
        "unstable"
      ],
      "unfree": false,
      "version": "1.23",
      "outputs_to_install": [
        "out"
      ],
      "outputs": {
        "dev": "/nix/store/bvx8i4vkpv6p6r6d6msj6mb3q3hqrsc6-leveldb-1.23-dev",
        "out": "/nix/store/vrv94hh2qq550z1qs26hkkmsc2hwdjmd-leveldb-1.23"
      },
      "system": "aarch64-darwin",
      "group": "toplevel",
      "priority": 5
    },
    {
      "attr_path": "leveldb",
      "broken": false,
      "derivation": "/nix/store/8znf89hkr59h6h33v784n8bi6ira2rdw-leveldb-1.23.drv",
      "description": "Fast and lightweight key/value database library by Google",
      "install_id": "leveldb",
      "license": "BSD-3-Clause",
      "locked_url": "https://github.com/flox/nixpkgs?rev=4f807e8940284ad7925ebd0a0993d2a1791acb2f",
      "name": "leveldb-1.23",
      "pname": "leveldb",
      "rev": "4f807e8940284ad7925ebd0a0993d2a1791acb2f",
      "rev_count": 680062,
      "rev_date": "2024-09-11T13:54:33Z",
      "scrape_date": "2024-09-14T03:13:36Z",
      "stabilities": [
        "unstable"
      ],
      "unfree": false,
      "version": "1.23",
      "outputs_to_install": [
        "out"
      ],
      "outputs": {
        "dev": "/nix/store/kz4q66mf6jc3rvvimwvwisnpf2v1yw6k-leveldb-1.23-dev",
        "out": "/nix/store/zyspqy00wi0rqln54bnqffi7miz8r577-leveldb-1.23"
      },
      "system": "aarch64-linux",
      "group": "toplevel",
      "priority": 5
    },
    {
      "attr_path": "leveldb",
      "broken": false,
      "derivation": "/nix/store/8wdjy8g96c8shwnq96wxwjg1fmv0dwwf-leveldb-1.23.drv",
      "description": "Fast and lightweight key/value database library by Google",
      "install_id": "leveldb",
      "license": "BSD-3-Clause",
      "locked_url": "https://github.com/flox/nixpkgs?rev=4f807e8940284ad7925ebd0a0993d2a1791acb2f",
      "name": "leveldb-1.23",
      "pname": "leveldb",
      "rev": "4f807e8940284ad7925ebd0a0993d2a1791acb2f",
      "rev_count": 680062,
      "rev_date": "2024-09-11T13:54:33Z",
      "scrape_date": "2024-09-14T03:13:36Z",
      "stabilities": [
        "unstable"
      ],
      "unfree": false,
      "version": "1.23",
      "outputs_to_install": [
        "out"
      ],
      "outputs": {
        "dev": "/nix/store/8263b5ad7jm9sp984138hlrxzfbvp6c4-leveldb-1.23-dev",
        "out": "/nix/store/02hbfjj80kg7w7lj3aj44nca9gxfx62l-leveldb-1.23"
      },
      "system": "x86_64-darwin",
      "group": "toplevel",
      "priority": 5
    },
    {
      "attr_path": "leveldb",
      "broken": false,
      "derivation": "/nix/store/8h1mghyzzwrl4z7yf7c6ccrh9rx30maj-leveldb-1.23.drv",
      "description": "Fast and lightweight key/value database library by Google",
      "install_id": "leveldb",
      "license": "BSD-3-Clause",
      "locked_url": "https://github.com/flox/nixpkgs?rev=4f807e8940284ad7925ebd0a0993d2a1791acb2f",
      "name": "leveldb-1.23",
      "pname": "leveldb",
      "rev": "4f807e8940284ad7925ebd0a0993d2a1791acb2f",
      "rev_count": 680062,
      "rev_date": "2024-09-11T13:54:33Z",
      "scrape_date": "2024-09-14T03:13:36Z",
      "stabilities": [
        "unstable"
      ],
      "unfree": false,
      "version": "1.23",
      "outputs_to_install": [
        "out"
      ],
      "outputs": {
        "dev": "/nix/store/7cx38g9ybcn0ml9lgram09dz6g9pwrx1-leveldb-1.23-dev",
        "out": "/nix/store/ixgbxmmzmzcyg81bn1h23gnl5p2kr7kf-leveldb-1.23"
      },
      "system": "x86_64-linux",
      "group": "toplevel",
      "priority": 5
    },
    {
      "attr_path": "nginx",
      "broken": false,
      "derivation": "/nix/store/s07l7l08r7s08rcpgbslgpqrw1wf3c2v-nginx-1.26.2.drv",
      "description": "Reverse proxy and lightweight webserver",
      "install_id": "nginx",
      "license": "[ BSD-2-Clause, BSD-2-Clause, BSD-2-Clause, BSD-2-Clause ]",
      "locked_url": "https://github.com/flox/nixpkgs?rev=4f807e8940284ad7925ebd0a0993d2a1791acb2f",
      "name": "nginx-1.26.2",
      "pname": "nginx",
      "rev": "4f807e8940284ad7925ebd0a0993d2a1791acb2f",
      "rev_count": 680062,
      "rev_date": "2024-09-11T13:54:33Z",
      "scrape_date": "2024-09-14T03:13:36Z",
      "stabilities": [
        "unstable"
      ],
      "unfree": false,
      "version": "1.26.2",
      "outputs_to_install": [
        "out"
      ],
      "outputs": {
        "doc": "/nix/store/pg1ypw6qyf7m1m5dw15ny759lbqfhrpy-nginx-1.26.2-doc",
        "out": "/nix/store/vqw67wb6s4xa4fqkw1dxgxz5h8q85qgj-nginx-1.26.2"
      },
      "system": "aarch64-darwin",
      "group": "toplevel",
      "priority": 5
    },
    {
      "attr_path": "nginx",
      "broken": false,
      "derivation": "/nix/store/lqcd541wjz29hg8kdhhl78cy56bxnmd0-nginx-1.26.2.drv",
      "description": "Reverse proxy and lightweight webserver",
      "install_id": "nginx",
      "license": "[ BSD-2-Clause, BSD-2-Clause, BSD-2-Clause, BSD-2-Clause ]",
      "locked_url": "https://github.com/flox/nixpkgs?rev=4f807e8940284ad7925ebd0a0993d2a1791acb2f",
      "name": "nginx-1.26.2",
      "pname": "nginx",
      "rev": "4f807e8940284ad7925ebd0a0993d2a1791acb2f",
      "rev_count": 680062,
      "rev_date": "2024-09-11T13:54:33Z",
      "scrape_date": "2024-09-14T03:13:36Z",
      "stabilities": [
        "unstable"
      ],
      "unfree": false,
      "version": "1.26.2",
      "outputs_to_install": [
        "out"
      ],
      "outputs": {
        "doc": "/nix/store/71crd3aifa531vbwp2wv4s9797f4ynv4-nginx-1.26.2-doc",
        "out": "/nix/store/ndvasaq5v2n34nbkj2yxqijslkfp8kxa-nginx-1.26.2"
      },
      "system": "aarch64-linux",
      "group": "toplevel",
      "priority": 5
    },
    {
      "attr_path": "nginx",
      "broken": false,
      "derivation": "/nix/store/y4vl8m62772y1dzvim9yjx0db2wjk0f9-nginx-1.26.2.drv",
      "description": "Reverse proxy and lightweight webserver",
      "install_id": "nginx",
      "license": "[ BSD-2-Clause, BSD-2-Clause, BSD-2-Clause, BSD-2-Clause ]",
      "locked_url": "https://github.com/flox/nixpkgs?rev=4f807e8940284ad7925ebd0a0993d2a1791acb2f",
      "name": "nginx-1.26.2",
      "pname": "nginx",
      "rev": "4f807e8940284ad7925ebd0a0993d2a1791acb2f",
      "rev_count": 680062,
      "rev_date": "2024-09-11T13:54:33Z",
      "scrape_date": "2024-09-14T03:13:36Z",
      "stabilities": [
        "unstable"
      ],
      "unfree": false,
      "version": "1.26.2",
      "outputs_to_install": [
        "out"
      ],
      "outputs": {
        "doc": "/nix/store/1i9qmji755p05nicmbysyw5z1s88fni7-nginx-1.26.2-doc",
        "out": "/nix/store/f1j3smgyhnhb77fwd3wyq94fvhi4pbyz-nginx-1.26.2"
      },
      "system": "x86_64-darwin",
      "group": "toplevel",
      "priority": 5
    },
    {
      "attr_path": "nginx",
      "broken": false,
      "derivation": "/nix/store/4jflwjw7kxlxdkwzxpcp1yvxr8ngjyjv-nginx-1.26.2.drv",
      "description": "Reverse proxy and lightweight webserver",
      "install_id": "nginx",
      "license": "[ BSD-2-Clause, BSD-2-Clause, BSD-2-Clause, BSD-2-Clause ]",
      "locked_url": "https://github.com/flox/nixpkgs?rev=4f807e8940284ad7925ebd0a0993d2a1791acb2f",
      "name": "nginx-1.26.2",
      "pname": "nginx",
      "rev": "4f807e8940284ad7925ebd0a0993d2a1791acb2f",
      "rev_count": 680062,
      "rev_date": "2024-09-11T13:54:33Z",
      "scrape_date": "2024-09-14T03:13:36Z",
      "stabilities": [
        "unstable"
      ],
      "unfree": false,
      "version": "1.26.2",
      "outputs_to_install": [
        "out"
      ],
      "outputs": {
        "doc": "/nix/store/mbaqy4xggsslrz17fpg2nkxl3bil7qsh-nginx-1.26.2-doc",
        "out": "/nix/store/s13inrbla7zfllqywq9dvhh3bi3ycvix-nginx-1.26.2"
      },
      "system": "x86_64-linux",
      "group": "toplevel",
      "priority": 5
    },
    {
      "attr_path": "pcre",
      "broken": false,
      "derivation": "/nix/store/pf65bvmn8r9i1v541hxgh89wvqfr76i1-pcre-8.45.drv",
      "description": "Library for Perl Compatible Regular Expressions",
      "install_id": "pcre",
      "license": "BSD-3-Clause",
      "locked_url": "https://github.com/flox/nixpkgs?rev=4f807e8940284ad7925ebd0a0993d2a1791acb2f",
      "name": "pcre-8.45",
      "pname": "pcre",
      "rev": "4f807e8940284ad7925ebd0a0993d2a1791acb2f",
      "rev_count": 680062,
      "rev_date": "2024-09-11T13:54:33Z",
      "scrape_date": "2024-09-14T03:13:36Z",
      "stabilities": [
        "unstable"
      ],
      "unfree": false,
      "version": "8.45",
      "outputs_to_install": [
        "bin",
        "man"
      ],
      "outputs": {
        "bin": "/nix/store/x6ldg5fzy4cnwh8hq4mx7bl1ylvdiymc-pcre-8.45-bin",
        "dev": "/nix/store/dqgl67js3ddz1f72wry752sg177lwqw5-pcre-8.45-dev",
        "doc": "/nix/store/mssa5s363cnhc68z0p5wqbi94bmlb7nv-pcre-8.45-doc",
        "man": "/nix/store/zazn69vh86aqfyn5y91ywh41sd02r4s6-pcre-8.45-man",
        "out": "/nix/store/11cw63cn1p14mlyjfhalq7scc7cwrkbi-pcre-8.45"
      },
      "system": "aarch64-darwin",
      "group": "toplevel",
      "priority": 5
    },
    {
      "attr_path": "pcre",
      "broken": false,
      "derivation": "/nix/store/54i96a15ajd09by8q1mdkwdlg3m2v59y-pcre-8.45.drv",
      "description": "Library for Perl Compatible Regular Expressions",
      "install_id": "pcre",
      "license": "BSD-3-Clause",
      "locked_url": "https://github.com/flox/nixpkgs?rev=4f807e8940284ad7925ebd0a0993d2a1791acb2f",
      "name": "pcre-8.45",
      "pname": "pcre",
      "rev": "4f807e8940284ad7925ebd0a0993d2a1791acb2f",
      "rev_count": 680062,
      "rev_date": "2024-09-11T13:54:33Z",
      "scrape_date": "2024-09-14T03:13:36Z",
      "stabilities": [
        "unstable"
      ],
      "unfree": false,
      "version": "8.45",
      "outputs_to_install": [
        "bin",
        "man"
      ],
      "outputs": {
        "bin": "/nix/store/pz7cx40zpkzdzffjd3c7yi3d9mq8q1pb-pcre-8.45-bin",
        "dev": "/nix/store/y0qj1fqy05ama02pcavap1205d1rhzz2-pcre-8.45-dev",
        "doc": "/nix/store/iaad7yy3cdz9j8bbr02szmgzc5246vg9-pcre-8.45-doc",
        "man": "/nix/store/i4dix9c4infpn691figa0rx7ax110hn8-pcre-8.45-man",
        "out": "/nix/store/w1l1g16bjzxy2zh6w056yasdlv4sxfyd-pcre-8.45"
      },
      "system": "aarch64-linux",
      "group": "toplevel",
      "priority": 5
    },
    {
      "attr_path": "pcre",
      "broken": false,
      "derivation": "/nix/store/b1580y60b9kgplz95r4b51dwjqhx0746-pcre-8.45.drv",
      "description": "Library for Perl Compatible Regular Expressions",
      "install_id": "pcre",
      "license": "BSD-3-Clause",
      "locked_url": "https://github.com/flox/nixpkgs?rev=4f807e8940284ad7925ebd0a0993d2a1791acb2f",
      "name": "pcre-8.45",
      "pname": "pcre",
      "rev": "4f807e8940284ad7925ebd0a0993d2a1791acb2f",
      "rev_count": 680062,
      "rev_date": "2024-09-11T13:54:33Z",
      "scrape_date": "2024-09-14T03:13:36Z",
      "stabilities": [
        "unstable"
      ],
      "unfree": false,
      "version": "8.45",
      "outputs_to_install": [
        "bin",
        "man"
      ],
      "outputs": {
        "bin": "/nix/store/vbg1mg7mkq11i1ggxcvgq3j7cm34fr35-pcre-8.45-bin",
        "dev": "/nix/store/xfikaazc7w1cgr7ajdvbaii3m5p00w8i-pcre-8.45-dev",
        "doc": "/nix/store/w9252gi471ba5rp4474gjhvafrrmv68k-pcre-8.45-doc",
        "man": "/nix/store/x89vx3f8h13wz8lzpasnd5agd7gfycma-pcre-8.45-man",
        "out": "/nix/store/vxjai54nn62899bkzq2v1nmgvy7zx4ky-pcre-8.45"
      },
      "system": "x86_64-darwin",
      "group": "toplevel",
      "priority": 5
    },
    {
      "attr_path": "pcre",
      "broken": false,
      "derivation": "/nix/store/wc6zm407k8ldy21lvih0hmagl7khh4nf-pcre-8.45.drv",
      "description": "Library for Perl Compatible Regular Expressions",
      "install_id": "pcre",
      "license": "BSD-3-Clause",
      "locked_url": "https://github.com/flox/nixpkgs?rev=4f807e8940284ad7925ebd0a0993d2a1791acb2f",
      "name": "pcre-8.45",
      "pname": "pcre",
      "rev": "4f807e8940284ad7925ebd0a0993d2a1791acb2f",
      "rev_count": 680062,
      "rev_date": "2024-09-11T13:54:33Z",
      "scrape_date": "2024-09-14T03:13:36Z",
      "stabilities": [
        "unstable"
      ],
      "unfree": false,
      "version": "8.45",
      "outputs_to_install": [
        "bin",
        "man"
      ],
      "outputs": {
        "bin": "/nix/store/lw9hjijqvj9wrj6xw8pym6x5wsd8zh70-pcre-8.45-bin",
        "dev": "/nix/store/g79h5cdsaya39cj2lfq658q6965ham9c-pcre-8.45-dev",
        "doc": "/nix/store/0facl7b8k89r30rqi7x8nqps0a6pdpdp-pcre-8.45-doc",
        "man": "/nix/store/xcgdqncx2gn6fjf2v18a3mp51gk8yj8f-pcre-8.45-man",
        "out": "/nix/store/012jslm61i2424vxnzzbxqf4j9r60qzh-pcre-8.45"
      },
      "system": "x86_64-linux",
      "group": "toplevel",
      "priority": 5
    },
    {
      "attr_path": "python3",
      "broken": false,
      "derivation": "/nix/store/v73245dy885mnhxlm54y557qkrr22gmm-python3-3.12.5.drv",
      "description": "High-level dynamically-typed programming language",
      "install_id": "python3",
      "license": "Python-2.0",
      "locked_url": "https://github.com/flox/nixpkgs?rev=4f807e8940284ad7925ebd0a0993d2a1791acb2f",
      "name": "python3-3.12.5",
      "pname": "python3",
      "rev": "4f807e8940284ad7925ebd0a0993d2a1791acb2f",
      "rev_count": 680062,
      "rev_date": "2024-09-11T13:54:33Z",
      "scrape_date": "2024-09-14T03:13:36Z",
      "stabilities": [
        "unstable"
      ],
      "unfree": false,
      "version": "3.12.5",
      "outputs_to_install": [
        "out"
      ],
      "outputs": {
        "out": "/nix/store/9pj4rzx5pbynkkxq1srzwjhywmcfxws3-python3-3.12.5"
      },
      "system": "aarch64-darwin",
      "group": "toplevel",
      "priority": 5
    },
    {
      "attr_path": "python3",
      "broken": false,
      "derivation": "/nix/store/1gcbmlprvgy00zgar9czh867sr0kfw8n-python3-3.12.5.drv",
      "description": "High-level dynamically-typed programming language",
      "install_id": "python3",
      "license": "Python-2.0",
      "locked_url": "https://github.com/flox/nixpkgs?rev=4f807e8940284ad7925ebd0a0993d2a1791acb2f",
      "name": "python3-3.12.5",
      "pname": "python3",
      "rev": "4f807e8940284ad7925ebd0a0993d2a1791acb2f",
      "rev_count": 680062,
      "rev_date": "2024-09-11T13:54:33Z",
      "scrape_date": "2024-09-14T03:13:36Z",
      "stabilities": [
        "unstable"
      ],
      "unfree": false,
      "version": "3.12.5",
      "outputs_to_install": [
        "out"
      ],
      "outputs": {
        "debug": "/nix/store/xc4hygp28y7g1rvjf0vi7fj0d83a75pj-python3-3.12.5-debug",
        "out": "/nix/store/6iq3nhgdyp8a5wzwf097zf2mn4zyqxr6-python3-3.12.5"
      },
      "system": "aarch64-linux",
      "group": "toplevel",
      "priority": 5
    },
    {
      "attr_path": "python3",
      "broken": false,
      "derivation": "/nix/store/sg3y3nm5zdwz0xc1g14hxgidy98xahni-python3-3.12.5.drv",
      "description": "High-level dynamically-typed programming language",
      "install_id": "python3",
      "license": "Python-2.0",
      "locked_url": "https://github.com/flox/nixpkgs?rev=4f807e8940284ad7925ebd0a0993d2a1791acb2f",
      "name": "python3-3.12.5",
      "pname": "python3",
      "rev": "4f807e8940284ad7925ebd0a0993d2a1791acb2f",
      "rev_count": 680062,
      "rev_date": "2024-09-11T13:54:33Z",
      "scrape_date": "2024-09-14T03:13:36Z",
      "stabilities": [
        "unstable"
      ],
      "unfree": false,
      "version": "3.12.5",
      "outputs_to_install": [
        "out"
      ],
      "outputs": {
        "out": "/nix/store/ks8acr22s4iggnmvxydm5czl30racy32-python3-3.12.5"
      },
      "system": "x86_64-darwin",
      "group": "toplevel",
      "priority": 5
    },
    {
      "attr_path": "python3",
      "broken": false,
      "derivation": "/nix/store/5k1b6g2qgy2a7kiis6snyidzryz6bljl-python3-3.12.5.drv",
      "description": "High-level dynamically-typed programming language",
      "install_id": "python3",
      "license": "Python-2.0",
      "locked_url": "https://github.com/flox/nixpkgs?rev=4f807e8940284ad7925ebd0a0993d2a1791acb2f",
      "name": "python3-3.12.5",
      "pname": "python3",
      "rev": "4f807e8940284ad7925ebd0a0993d2a1791acb2f",
      "rev_count": 680062,
      "rev_date": "2024-09-11T13:54:33Z",
      "scrape_date": "2024-09-14T03:13:36Z",
      "stabilities": [
        "unstable"
      ],
      "unfree": false,
      "version": "3.12.5",
      "outputs_to_install": [
        "out"
      ],
      "outputs": {
        "debug": "/nix/store/0a39pi2s6kxqc3kjjz2y9yzibd62zhhb-python3-3.12.5-debug",
        "out": "/nix/store/h3i0acpmr8mrjx07519xxmidv8mpax4y-python3-3.12.5"
      },
      "system": "x86_64-linux",
      "group": "toplevel",
      "priority": 5
    },
    {
      "attr_path": "samply",
      "broken": false,
      "derivation": "/nix/store/85fw64n7f9538vp4pwjxb6j74p4akmcb-samply-0.12.0.drv",
      "description": "Command line profiler for macOS and Linux",
      "install_id": "samply",
      "license": "[ Apache-2.0, MIT ]",
      "locked_url": "https://github.com/flox/nixpkgs?rev=4f807e8940284ad7925ebd0a0993d2a1791acb2f",
      "name": "samply-0.12.0",
      "pname": "samply",
      "rev": "4f807e8940284ad7925ebd0a0993d2a1791acb2f",
      "rev_count": 680062,
      "rev_date": "2024-09-11T13:54:33Z",
      "scrape_date": "2024-09-14T03:13:36Z",
      "stabilities": [
        "unstable"
      ],
      "unfree": false,
      "version": "0.12.0",
      "outputs_to_install": [
        "out"
      ],
      "outputs": {
        "out": "/nix/store/xhwf6nd4za1kw4js5mqaycs0kp9lfvwy-samply-0.12.0"
      },
      "system": "aarch64-darwin",
      "group": "toplevel",
      "priority": 5
    },
    {
      "attr_path": "samply",
      "broken": false,
      "derivation": "/nix/store/fkc4iqiw0xnjwnwblibd39aga0b0aw75-samply-0.12.0.drv",
      "description": "Command line profiler for macOS and Linux",
      "install_id": "samply",
      "license": "[ Apache-2.0, MIT ]",
      "locked_url": "https://github.com/flox/nixpkgs?rev=4f807e8940284ad7925ebd0a0993d2a1791acb2f",
      "name": "samply-0.12.0",
      "pname": "samply",
      "rev": "4f807e8940284ad7925ebd0a0993d2a1791acb2f",
      "rev_count": 680062,
      "rev_date": "2024-09-11T13:54:33Z",
      "scrape_date": "2024-09-14T03:13:36Z",
      "stabilities": [
        "unstable"
      ],
      "unfree": false,
      "version": "0.12.0",
      "outputs_to_install": [
        "out"
      ],
      "outputs": {
        "out": "/nix/store/qv4v3v2j236pd43hrzspyx0nx7plg9ra-samply-0.12.0"
      },
      "system": "aarch64-linux",
      "group": "toplevel",
      "priority": 5
    },
    {
      "attr_path": "samply",
      "broken": false,
      "derivation": "/nix/store/3pscgj31cpyiycalyw3f7lmf8q5fadg8-samply-0.12.0.drv",
      "description": "Command line profiler for macOS and Linux",
      "install_id": "samply",
      "license": "[ Apache-2.0, MIT ]",
      "locked_url": "https://github.com/flox/nixpkgs?rev=4f807e8940284ad7925ebd0a0993d2a1791acb2f",
      "name": "samply-0.12.0",
      "pname": "samply",
      "rev": "4f807e8940284ad7925ebd0a0993d2a1791acb2f",
      "rev_count": 680062,
      "rev_date": "2024-09-11T13:54:33Z",
      "scrape_date": "2024-09-14T03:13:36Z",
      "stabilities": [
        "unstable"
      ],
      "unfree": false,
      "version": "0.12.0",
      "outputs_to_install": [
        "out"
      ],
      "outputs": {
        "out": "/nix/store/igvxmrlrmnl0nk5s7a611glgkd1cvv96-samply-0.12.0"
      },
      "system": "x86_64-darwin",
      "group": "toplevel",
      "priority": 5
    },
    {
      "attr_path": "samply",
      "broken": false,
      "derivation": "/nix/store/mbzmah27ghi4ck2396ccww0i6jv1g4z3-samply-0.12.0.drv",
      "description": "Command line profiler for macOS and Linux",
      "install_id": "samply",
      "license": "[ Apache-2.0, MIT ]",
      "locked_url": "https://github.com/flox/nixpkgs?rev=4f807e8940284ad7925ebd0a0993d2a1791acb2f",
      "name": "samply-0.12.0",
      "pname": "samply",
      "rev": "4f807e8940284ad7925ebd0a0993d2a1791acb2f",
      "rev_count": 680062,
      "rev_date": "2024-09-11T13:54:33Z",
      "scrape_date": "2024-09-14T03:13:36Z",
      "stabilities": [
        "unstable"
      ],
      "unfree": false,
      "version": "0.12.0",
      "outputs_to_install": [
        "out"
      ],
      "outputs": {
        "out": "/nix/store/jk80l6awzv2f3nzvpfiv8cdbhgrgsdx5-samply-0.12.0"
      },
      "system": "x86_64-linux",
      "group": "toplevel",
      "priority": 5
    },
    {
      "attr_path": "snappy",
      "broken": false,
      "derivation": "/nix/store/qwirmlbhajs0f8r5rsdrqjijndaiycc9-snappy-1.2.1.drv",
      "description": "Compression/decompression library for very high speeds",
      "install_id": "snappy",
      "license": "BSD-3-Clause",
      "locked_url": "https://github.com/flox/nixpkgs?rev=4f807e8940284ad7925ebd0a0993d2a1791acb2f",
      "name": "snappy-1.2.1",
      "pname": "snappy",
      "rev": "4f807e8940284ad7925ebd0a0993d2a1791acb2f",
      "rev_count": 680062,
      "rev_date": "2024-09-11T13:54:33Z",
      "scrape_date": "2024-09-14T03:13:36Z",
      "stabilities": [
        "unstable"
      ],
      "unfree": false,
      "version": "1.2.1",
      "outputs_to_install": [
        "out"
      ],
      "outputs": {
        "dev": "/nix/store/5b29yj5cg1sw4azl5w7c70r8r5rp38by-snappy-1.2.1-dev",
        "out": "/nix/store/6b75fk5nx8b1pr9dcfpmknqq8bxb9mik-snappy-1.2.1"
      },
      "system": "aarch64-darwin",
      "group": "toplevel",
      "priority": 5
    },
    {
      "attr_path": "snappy",
      "broken": false,
      "derivation": "/nix/store/m13x5c1ifnbchhgmrrvnrb94m0kv04n2-snappy-1.2.1.drv",
      "description": "Compression/decompression library for very high speeds",
      "install_id": "snappy",
      "license": "BSD-3-Clause",
      "locked_url": "https://github.com/flox/nixpkgs?rev=4f807e8940284ad7925ebd0a0993d2a1791acb2f",
      "name": "snappy-1.2.1",
      "pname": "snappy",
      "rev": "4f807e8940284ad7925ebd0a0993d2a1791acb2f",
      "rev_count": 680062,
      "rev_date": "2024-09-11T13:54:33Z",
      "scrape_date": "2024-09-14T03:13:36Z",
      "stabilities": [
        "unstable"
      ],
      "unfree": false,
      "version": "1.2.1",
      "outputs_to_install": [
        "out"
      ],
      "outputs": {
        "dev": "/nix/store/iy396mz2bdfp09fpc0lyjvwcikc6ffrg-snappy-1.2.1-dev",
        "out": "/nix/store/ciqh2rvnp165w9f3w5ki9pca0c0z1a13-snappy-1.2.1"
      },
      "system": "aarch64-linux",
      "group": "toplevel",
      "priority": 5
    },
    {
      "attr_path": "snappy",
      "broken": false,
      "derivation": "/nix/store/ryiy4w5hnkjsdkp3cdf2nnzfpq1rldn2-snappy-1.2.1.drv",
      "description": "Compression/decompression library for very high speeds",
      "install_id": "snappy",
      "license": "BSD-3-Clause",
      "locked_url": "https://github.com/flox/nixpkgs?rev=4f807e8940284ad7925ebd0a0993d2a1791acb2f",
      "name": "snappy-1.2.1",
      "pname": "snappy",
      "rev": "4f807e8940284ad7925ebd0a0993d2a1791acb2f",
      "rev_count": 680062,
      "rev_date": "2024-09-11T13:54:33Z",
      "scrape_date": "2024-09-14T03:13:36Z",
      "stabilities": [
        "unstable"
      ],
      "unfree": false,
      "version": "1.2.1",
      "outputs_to_install": [
        "out"
      ],
      "outputs": {
        "dev": "/nix/store/dxxcm62dgiyplii588bh9zbrngqagird-snappy-1.2.1-dev",
        "out": "/nix/store/f7ibcynn2x1x2m7q7arqd27gw82ihmbs-snappy-1.2.1"
      },
      "system": "x86_64-darwin",
      "group": "toplevel",
      "priority": 5
    },
    {
      "attr_path": "snappy",
      "broken": false,
      "derivation": "/nix/store/459v6qclvhgayldwsaglr59kp3c1rig3-snappy-1.2.1.drv",
      "description": "Compression/decompression library for very high speeds",
      "install_id": "snappy",
      "license": "BSD-3-Clause",
      "locked_url": "https://github.com/flox/nixpkgs?rev=4f807e8940284ad7925ebd0a0993d2a1791acb2f",
      "name": "snappy-1.2.1",
      "pname": "snappy",
      "rev": "4f807e8940284ad7925ebd0a0993d2a1791acb2f",
      "rev_count": 680062,
      "rev_date": "2024-09-11T13:54:33Z",
      "scrape_date": "2024-09-14T03:13:36Z",
      "stabilities": [
        "unstable"
      ],
      "unfree": false,
      "version": "1.2.1",
      "outputs_to_install": [
        "out"
      ],
      "outputs": {
        "dev": "/nix/store/svc9y9kkffdlxd65mq3710vcm2bybxa9-snappy-1.2.1-dev",
        "out": "/nix/store/y6miv1y5wkgv06zsywki79waz1r0jlk0-snappy-1.2.1"
      },
      "system": "x86_64-linux",
      "group": "toplevel",
      "priority": 5
    },
    {
      "attr_path": "tokio-console",
      "broken": false,
      "derivation": "/nix/store/kknw8d0sm0yinsyss7hq711ld90pigdg-tokio-console-0.1.10.drv",
      "description": "Debugger for asynchronous Rust code",
      "install_id": "tokio-console",
      "license": "[ MIT ]",
      "locked_url": "https://github.com/flox/nixpkgs?rev=4f807e8940284ad7925ebd0a0993d2a1791acb2f",
      "name": "tokio-console-0.1.10",
      "pname": "tokio-console",
      "rev": "4f807e8940284ad7925ebd0a0993d2a1791acb2f",
      "rev_count": 680062,
      "rev_date": "2024-09-11T13:54:33Z",
      "scrape_date": "2024-09-14T03:13:36Z",
      "stabilities": [
        "unstable"
      ],
      "unfree": false,
      "version": "0.1.10",
      "outputs_to_install": [
        "out"
      ],
      "outputs": {
        "out": "/nix/store/4day5ks7a1ap4b03240f8z5nzv6b2841-tokio-console-0.1.10"
      },
      "system": "aarch64-darwin",
      "group": "toplevel",
      "priority": 5
    },
    {
      "attr_path": "tokio-console",
      "broken": false,
      "derivation": "/nix/store/qqkharydwy1yhb2f3vghywi3kd3wrcqj-tokio-console-0.1.10.drv",
      "description": "Debugger for asynchronous Rust code",
      "install_id": "tokio-console",
      "license": "[ MIT ]",
      "locked_url": "https://github.com/flox/nixpkgs?rev=4f807e8940284ad7925ebd0a0993d2a1791acb2f",
      "name": "tokio-console-0.1.10",
      "pname": "tokio-console",
      "rev": "4f807e8940284ad7925ebd0a0993d2a1791acb2f",
      "rev_count": 680062,
      "rev_date": "2024-09-11T13:54:33Z",
      "scrape_date": "2024-09-14T03:13:36Z",
      "stabilities": [
        "unstable"
      ],
      "unfree": false,
      "version": "0.1.10",
      "outputs_to_install": [
        "out"
      ],
      "outputs": {
        "out": "/nix/store/4nainrg91i4q0pxjq035zzk9wgbfcfi1-tokio-console-0.1.10"
      },
      "system": "aarch64-linux",
      "group": "toplevel",
      "priority": 5
    },
    {
      "attr_path": "tokio-console",
      "broken": false,
      "derivation": "/nix/store/sl5m0ngpqvs6wzgkziz5xmzih8z44nc6-tokio-console-0.1.10.drv",
      "description": "Debugger for asynchronous Rust code",
      "install_id": "tokio-console",
      "license": "[ MIT ]",
      "locked_url": "https://github.com/flox/nixpkgs?rev=4f807e8940284ad7925ebd0a0993d2a1791acb2f",
      "name": "tokio-console-0.1.10",
      "pname": "tokio-console",
      "rev": "4f807e8940284ad7925ebd0a0993d2a1791acb2f",
      "rev_count": 680062,
      "rev_date": "2024-09-11T13:54:33Z",
      "scrape_date": "2024-09-14T03:13:36Z",
      "stabilities": [
        "unstable"
      ],
      "unfree": false,
      "version": "0.1.10",
      "outputs_to_install": [
        "out"
      ],
      "outputs": {
        "out": "/nix/store/6337wndzj91i1np9mxqzy0zsdr8yiz9j-tokio-console-0.1.10"
      },
      "system": "x86_64-darwin",
      "group": "toplevel",
      "priority": 5
    },
    {
      "attr_path": "tokio-console",
      "broken": false,
      "derivation": "/nix/store/riq3lpxdsl32rai8n6nsdqzmxpxfl9dg-tokio-console-0.1.10.drv",
      "description": "Debugger for asynchronous Rust code",
      "install_id": "tokio-console",
      "license": "[ MIT ]",
      "locked_url": "https://github.com/flox/nixpkgs?rev=4f807e8940284ad7925ebd0a0993d2a1791acb2f",
      "name": "tokio-console-0.1.10",
      "pname": "tokio-console",
      "rev": "4f807e8940284ad7925ebd0a0993d2a1791acb2f",
      "rev_count": 680062,
      "rev_date": "2024-09-11T13:54:33Z",
      "scrape_date": "2024-09-14T03:13:36Z",
      "stabilities": [
        "unstable"
      ],
      "unfree": false,
      "version": "0.1.10",
      "outputs_to_install": [
        "out"
      ],
      "outputs": {
        "out": "/nix/store/29svm5qfdhml1gcgvg6a625fchi9ijsy-tokio-console-0.1.10"
      },
      "system": "x86_64-linux",
      "group": "toplevel",
      "priority": 5
    },
    {
      "attr_path": "wrk",
      "broken": false,
      "derivation": "/nix/store/askmljcs9w662xy1skb682zmwkx0j7b6-wrk-4.2.0.drv",
      "description": "HTTP benchmarking tool",
      "install_id": "wrk",
      "license": "Apache-2.0",
      "locked_url": "https://github.com/flox/nixpkgs?rev=4f807e8940284ad7925ebd0a0993d2a1791acb2f",
      "name": "wrk-4.2.0",
      "pname": "wrk",
      "rev": "4f807e8940284ad7925ebd0a0993d2a1791acb2f",
      "rev_count": 680062,
      "rev_date": "2024-09-11T13:54:33Z",
      "scrape_date": "2024-09-14T03:13:36Z",
      "stabilities": [
        "unstable"
      ],
      "unfree": false,
      "version": "4.2.0",
      "outputs_to_install": [
        "out"
      ],
      "outputs": {
        "out": "/nix/store/qbwcpjmi6gmbkh8vvs7s4qww6vk7infs-wrk-4.2.0"
      },
      "system": "aarch64-darwin",
      "group": "toplevel",
      "priority": 5
    },
    {
      "attr_path": "wrk",
      "broken": false,
      "derivation": "/nix/store/snli05k4r1c8xrzvd5jslhs5kskknnqf-wrk-4.2.0.drv",
      "description": "HTTP benchmarking tool",
      "install_id": "wrk",
      "license": "Apache-2.0",
      "locked_url": "https://github.com/flox/nixpkgs?rev=4f807e8940284ad7925ebd0a0993d2a1791acb2f",
      "name": "wrk-4.2.0",
      "pname": "wrk",
      "rev": "4f807e8940284ad7925ebd0a0993d2a1791acb2f",
      "rev_count": 680062,
      "rev_date": "2024-09-11T13:54:33Z",
      "scrape_date": "2024-09-14T03:13:36Z",
      "stabilities": [
        "unstable"
      ],
      "unfree": false,
      "version": "4.2.0",
      "outputs_to_install": [
        "out"
      ],
      "outputs": {
        "out": "/nix/store/lrya78ksy5zkdy33qdq7xpgnkxfk6gvj-wrk-4.2.0"
      },
      "system": "aarch64-linux",
      "group": "toplevel",
      "priority": 5
    },
    {
      "attr_path": "wrk",
      "broken": false,
      "derivation": "/nix/store/r4x4jala8s9bmb2fk25rx38qblykcz29-wrk-4.2.0.drv",
      "description": "HTTP benchmarking tool",
      "install_id": "wrk",
      "license": "Apache-2.0",
      "locked_url": "https://github.com/flox/nixpkgs?rev=4f807e8940284ad7925ebd0a0993d2a1791acb2f",
      "name": "wrk-4.2.0",
      "pname": "wrk",
      "rev": "4f807e8940284ad7925ebd0a0993d2a1791acb2f",
      "rev_count": 680062,
      "rev_date": "2024-09-11T13:54:33Z",
      "scrape_date": "2024-09-14T03:13:36Z",
      "stabilities": [
        "unstable"
      ],
      "unfree": false,
      "version": "4.2.0",
      "outputs_to_install": [
        "out"
      ],
      "outputs": {
        "out": "/nix/store/c5ja4h7xj6h11rsr1kacz0lc6j71xwx1-wrk-4.2.0"
      },
      "system": "x86_64-darwin",
      "group": "toplevel",
      "priority": 5
    },
    {
      "attr_path": "wrk",
      "broken": false,
      "derivation": "/nix/store/jqvpicmlq76knab2h03hcqr8j0krbvz0-wrk-4.2.0.drv",
      "description": "HTTP benchmarking tool",
      "install_id": "wrk",
      "license": "Apache-2.0",
      "locked_url": "https://github.com/flox/nixpkgs?rev=4f807e8940284ad7925ebd0a0993d2a1791acb2f",
      "name": "wrk-4.2.0",
      "pname": "wrk",
      "rev": "4f807e8940284ad7925ebd0a0993d2a1791acb2f",
      "rev_count": 680062,
      "rev_date": "2024-09-11T13:54:33Z",
      "scrape_date": "2024-09-14T03:13:36Z",
      "stabilities": [
        "unstable"
      ],
      "unfree": false,
      "version": "4.2.0",
      "outputs_to_install": [
        "out"
      ],
      "outputs": {
        "out": "/nix/store/8v5fwk7q247lxngj68ngpjgb4s1r3jqb-wrk-4.2.0"
      },
      "system": "x86_64-linux",
      "group": "toplevel",
      "priority": 5
    }
  ]
}