{
  "lockfile-version": 1,
  "manifest": {
    "version": 1,
    "install": {
      "cmake": {
        "pkg-path": "cmake"
      },
      "leveldb": {
        "pkg-path": "leveldb"
      },
      "python3": {
        "pkg-path": "python3"
      },
      "snappy": {
        "pkg-path": "snappy"
      }
    },
    "vars": {},
    "hook": {
      "on-activate": "  # Autogenerated by Flox\n\n  # Setup a Python virtual environment\n\n  export PYTHON_DIR=\"$FLOX_ENV_CACHE/python\"\n  if [ ! -d \"$PYTHON_DIR\" ]; then\n    echo \"Creating python virtual environment in $PYTHON_DIR\"\n    python -m venv \"$PYTHON_DIR\"\n  fi\n\n  # Quietly activate venv and install packages in a subshell so\n  # that the venv can be freshly activated in the profile section.\n  (\n    source \"$PYTHON_DIR/bin/activate\"\n    pip install -r \"$FLOX_ENV_PROJECT/requirements.txt\" --quiet\n  )\n\n  # End autogenerated by Flox\n"
    },
    "profile": {
      "bash": "  # Autogenerated by Flox\n\n  echo \"Activating python virtual environment\" >&2\n  source \"$PYTHON_DIR/bin/activate\"\n\n  # End autogenerated by Flox\n",
      "zsh": "  # Autogenerated by Flox\n\n  echo \"Activating python virtual environment\" >&2\n  source \"$PYTHON_DIR/bin/activate\"\n\n  # End autogenerated by Flox\n",
      "fish": "  # Autogenerated by Flox\n\n  echo \"Activating python virtual environment\" >&2\n  source \"$PYTHON_DIR/bin/activate.fish\"\n\n  # End autogenerated by Flox",
      "tcsh": "  # Autogenerated by Flox\n\n  echo \"Activating python virtual environment\" >&2\n  source \"$PYTHON_DIR/bin/activate.csh\"\n\n  # End autogenerated by Flox"
    },
    "options": {
      "systems": [
        "aarch64-darwin",
        "aarch64-linux",
        "x86_64-darwin",
        "x86_64-linux"
      ],
      "allow": {
        "licenses": []
      },
      "semver": {}
    }
  },
  "packages": [
    {
      "attr_path": "cmake",
      "broken": false,
      "derivation": "/nix/store/gjdc9h6km9dafn6vrxwzi5qhdcz7vy1z-cmake-3.29.6.drv",
      "description": "Cross-platform, open-source build system generator",
      "install_id": "cmake",
      "license": "BSD-3-Clause",
      "locked_url": "https://github.com/flox/nixpkgs?rev=4f807e8940284ad7925ebd0a0993d2a1791acb2f",
      "name": "cmake-3.29.6",
      "pname": "cmake",
      "rev": "4f807e8940284ad7925ebd0a0993d2a1791acb2f",
      "rev_count": 680062,
      "rev_date": "2024-09-11T13:54:33Z",
      "scrape_date": "2024-09-14T03:13:36Z",
      "stabilities": [
        "unstable"
      ],
      "unfree": false,
      "version": "3.29.6",
      "outputs_to_install": [
        "out"
      ],
      "outputs": {
        "out": "/nix/store/bnw436hkmrzi6wa2i8n6swyc35hw63zk-cmake-3.29.6"
      },
      "system": "aarch64-darwin",
      "group": "toplevel",
      "priority": 5
    },
    {
      "attr_path": "cmake",
      "broken": false,
      "derivation": "/nix/store/mrwx6fwlwq574z109f9399icplnchmjk-cmake-3.29.6.drv",
      "description": "Cross-platform, open-source build system generator",
      "install_id": "cmake",
      "license": "BSD-3-Clause",
      "locked_url": "https://github.com/flox/nixpkgs?rev=4f807e8940284ad7925ebd0a0993d2a1791acb2f",
      "name": "cmake-3.29.6",
      "pname": "cmake",
      "rev": "4f807e8940284ad7925ebd0a0993d2a1791acb2f",
      "rev_count": 680062,
      "rev_date": "2024-09-11T13:54:33Z",
      "scrape_date": "2024-09-14T03:13:36Z",
      "stabilities": [
        "unstable"
      ],
      "unfree": false,
      "version": "3.29.6",
      "outputs_to_install": [
        "out"
      ],
      "outputs": {
        "debug": "/nix/store/nxhkn6c32i7rvjw3i12bffb3q911g7hj-cmake-3.29.6-debug",
        "out": "/nix/store/rd3byxvm1pxl923nc5vx79pykq4wh4li-cmake-3.29.6"
      },
      "system": "aarch64-linux",
      "group": "toplevel",
      "priority": 5
    },
    {
      "attr_path": "cmake",
      "broken": false,
      "derivation": "/nix/store/s0xgpp7npzsvsgs2sxyav2yfgjn8zprj-cmake-3.29.6.drv",
      "description": "Cross-platform, open-source build system generator",
      "install_id": "cmake",
      "license": "BSD-3-Clause",
      "locked_url": "https://github.com/flox/nixpkgs?rev=4f807e8940284ad7925ebd0a0993d2a1791acb2f",
      "name": "cmake-3.29.6",
      "pname": "cmake",
      "rev": "4f807e8940284ad7925ebd0a0993d2a1791acb2f",
      "rev_count": 680062,
      "rev_date": "2024-09-11T13:54:33Z",
      "scrape_date": "2024-09-14T03:13:36Z",
      "stabilities": [
        "unstable"
      ],
      "unfree": false,
      "version": "3.29.6",
      "outputs_to_install": [
        "out"
      ],
      "outputs": {
        "out": "/nix/store/zjv124gn2b7zkxjf97plmf9hl5fxnpvi-cmake-3.29.6"
      },
      "system": "x86_64-darwin",
      "group": "toplevel",
      "priority": 5
    },
    {
      "attr_path": "cmake",
      "broken": false,
      "derivation": "/nix/store/1rchq3x4xj3kns8v0i680g12129x9wbm-cmake-3.29.6.drv",
      "description": "Cross-platform, open-source build system generator",
      "install_id": "cmake",
      "license": "BSD-3-Clause",
      "locked_url": "https://github.com/flox/nixpkgs?rev=4f807e8940284ad7925ebd0a0993d2a1791acb2f",
      "name": "cmake-3.29.6",
      "pname": "cmake",
      "rev": "4f807e8940284ad7925ebd0a0993d2a1791acb2f",
      "rev_count": 680062,
      "rev_date": "2024-09-11T13:54:33Z",
      "scrape_date": "2024-09-14T03:13:36Z",
      "stabilities": [
        "unstable"
      ],
      "unfree": false,
      "version": "3.29.6",
      "outputs_to_install": [
        "out"
      ],
      "outputs": {
        "debug": "/nix/store/rjyfyyrfshs95b5mj6spr0ywgkiajidw-cmake-3.29.6-debug",
        "out": "/nix/store/yzi080r2c1zn2jzrhcfdv7dmr92yw07l-cmake-3.29.6"
      },
      "system": "x86_64-linux",
      "group": "toplevel",
      "priority": 5
    },
    {
      "attr_path": "leveldb",
      "broken": false,
      "derivation": "/nix/store/7zxh8zcp65aqqny3cm0dvx8jhp9zpf71-leveldb-1.23.drv",
      "description": "Fast and lightweight key/value database library by Google",
      "install_id": "leveldb",
      "license": "BSD-3-Clause",
      "locked_url": "https://github.com/flox/nixpkgs?rev=4f807e8940284ad7925ebd0a0993d2a1791acb2f",
      "name": "leveldb-1.23",
      "pname": "leveldb",
      "rev": "4f807e8940284ad7925ebd0a0993d2a1791acb2f",
      "rev_count": 680062,
      "rev_date": "2024-09-11T13:54:33Z",
      "scrape_date": "2024-09-14T03:13:36Z",
      "stabilities": [
        "unstable"
      ],
      "unfree": false,
      "version": "1.23",
      "outputs_to_install": [
        "out"
      ],
      "outputs": {
        "dev": "/nix/store/bvx8i4vkpv6p6r6d6msj6mb3q3hqrsc6-leveldb-1.23-dev",
        "out": "/nix/store/vrv94hh2qq550z1qs26hkkmsc2hwdjmd-leveldb-1.23"
      },
      "system": "aarch64-darwin",
      "group": "toplevel",
      "priority": 5
    },
    {
      "attr_path": "leveldb",
      "broken": false,
      "derivation": "/nix/store/8znf89hkr59h6h33v784n8bi6ira2rdw-leveldb-1.23.drv",
      "description": "Fast and lightweight key/value database library by Google",
      "install_id": "leveldb",
      "license": "BSD-3-Clause",
      "locked_url": "https://github.com/flox/nixpkgs?rev=4f807e8940284ad7925ebd0a0993d2a1791acb2f",
      "name": "leveldb-1.23",
      "pname": "leveldb",
      "rev": "4f807e8940284ad7925ebd0a0993d2a1791acb2f",
      "rev_count": 680062,
      "rev_date": "2024-09-11T13:54:33Z",
      "scrape_date": "2024-09-14T03:13:36Z",
      "stabilities": [
        "unstable"
      ],
      "unfree": false,
      "version": "1.23",
      "outputs_to_install": [
        "out"
      ],
      "outputs": {
        "dev": "/nix/store/kz4q66mf6jc3rvvimwvwisnpf2v1yw6k-leveldb-1.23-dev",
        "out": "/nix/store/zyspqy00wi0rqln54bnqffi7miz8r577-leveldb-1.23"
      },
      "system": "aarch64-linux",
      "group": "toplevel",
      "priority": 5
    },
    {
      "attr_path": "leveldb",
      "broken": false,
      "derivation": "/nix/store/8wdjy8g96c8shwnq96wxwjg1fmv0dwwf-leveldb-1.23.drv",
      "description": "Fast and lightweight key/value database library by Google",
      "install_id": "leveldb",
      "license": "BSD-3-Clause",
      "locked_url": "https://github.com/flox/nixpkgs?rev=4f807e8940284ad7925ebd0a0993d2a1791acb2f",
      "name": "leveldb-1.23",
      "pname": "leveldb",
      "rev": "4f807e8940284ad7925ebd0a0993d2a1791acb2f",
      "rev_count": 680062,
      "rev_date": "2024-09-11T13:54:33Z",
      "scrape_date": "2024-09-14T03:13:36Z",
      "stabilities": [
        "unstable"
      ],
      "unfree": false,
      "version": "1.23",
      "outputs_to_install": [
        "out"
      ],
      "outputs": {
        "dev": "/nix/store/8263b5ad7jm9sp984138hlrxzfbvp6c4-leveldb-1.23-dev",
        "out": "/nix/store/02hbfjj80kg7w7lj3aj44nca9gxfx62l-leveldb-1.23"
      },
      "system": "x86_64-darwin",
      "group": "toplevel",
      "priority": 5
    },
    {
      "attr_path": "leveldb",
      "broken": false,
      "derivation": "/nix/store/8h1mghyzzwrl4z7yf7c6ccrh9rx30maj-leveldb-1.23.drv",
      "description": "Fast and lightweight key/value database library by Google",
      "install_id": "leveldb",
      "license": "BSD-3-Clause",
      "locked_url": "https://github.com/flox/nixpkgs?rev=4f807e8940284ad7925ebd0a0993d2a1791acb2f",
      "name": "leveldb-1.23",
      "pname": "leveldb",
      "rev": "4f807e8940284ad7925ebd0a0993d2a1791acb2f",
      "rev_count": 680062,
      "rev_date": "2024-09-11T13:54:33Z",
      "scrape_date": "2024-09-14T03:13:36Z",
      "stabilities": [
        "unstable"
      ],
      "unfree": false,
      "version": "1.23",
      "outputs_to_install": [
        "out"
      ],
      "outputs": {
        "dev": "/nix/store/7cx38g9ybcn0ml9lgram09dz6g9pwrx1-leveldb-1.23-dev",
        "out": "/nix/store/ixgbxmmzmzcyg81bn1h23gnl5p2kr7kf-leveldb-1.23"
      },
      "system": "x86_64-linux",
      "group": "toplevel",
      "priority": 5
    },
    {
      "attr_path": "python3",
      "broken": false,
      "derivation": "/nix/store/v73245dy885mnhxlm54y557qkrr22gmm-python3-3.12.5.drv",
      "description": "High-level dynamically-typed programming language",
      "install_id": "python3",
      "license": "Python-2.0",
      "locked_url": "https://github.com/flox/nixpkgs?rev=4f807e8940284ad7925ebd0a0993d2a1791acb2f",
      "name": "python3-3.12.5",
      "pname": "python3",
      "rev": "4f807e8940284ad7925ebd0a0993d2a1791acb2f",
      "rev_count": 680062,
      "rev_date": "2024-09-11T13:54:33Z",
      "scrape_date": "2024-09-14T03:13:36Z",
      "stabilities": [
        "unstable"
      ],
      "unfree": false,
      "version": "3.12.5",
      "outputs_to_install": [
        "out"
      ],
      "outputs": {
        "out": "/nix/store/9pj4rzx5pbynkkxq1srzwjhywmcfxws3-python3-3.12.5"
      },
      "system": "aarch64-darwin",
      "group": "toplevel",
      "priority": 5
    },
    {
      "attr_path": "python3",
      "broken": false,
      "derivation": "/nix/store/1gcbmlprvgy00zgar9czh867sr0kfw8n-python3-3.12.5.drv",
      "description": "High-level dynamically-typed programming language",
      "install_id": "python3",
      "license": "Python-2.0",
      "locked_url": "https://github.com/flox/nixpkgs?rev=4f807e8940284ad7925ebd0a0993d2a1791acb2f",
      "name": "python3-3.12.5",
      "pname": "python3",
      "rev": "4f807e8940284ad7925ebd0a0993d2a1791acb2f",
      "rev_count": 680062,
      "rev_date": "2024-09-11T13:54:33Z",
      "scrape_date": "2024-09-14T03:13:36Z",
      "stabilities": [
        "unstable"
      ],
      "unfree": false,
      "version": "3.12.5",
      "outputs_to_install": [
        "out"
      ],
      "outputs": {
        "debug": "/nix/store/xc4hygp28y7g1rvjf0vi7fj0d83a75pj-python3-3.12.5-debug",
        "out": "/nix/store/6iq3nhgdyp8a5wzwf097zf2mn4zyqxr6-python3-3.12.5"
      },
      "system": "aarch64-linux",
      "group": "toplevel",
      "priority": 5
    },
    {
      "attr_path": "python3",
      "broken": false,
      "derivation": "/nix/store/sg3y3nm5zdwz0xc1g14hxgidy98xahni-python3-3.12.5.drv",
      "description": "High-level dynamically-typed programming language",
      "install_id": "python3",
      "license": "Python-2.0",
      "locked_url": "https://github.com/flox/nixpkgs?rev=4f807e8940284ad7925ebd0a0993d2a1791acb2f",
      "name": "python3-3.12.5",
      "pname": "python3",
      "rev": "4f807e8940284ad7925ebd0a0993d2a1791acb2f",
      "rev_count": 680062,
      "rev_date": "2024-09-11T13:54:33Z",
      "scrape_date": "2024-09-14T03:13:36Z",
      "stabilities": [
        "unstable"
      ],
      "unfree": false,
      "version": "3.12.5",
      "outputs_to_install": [
        "out"
      ],
      "outputs": {
        "out": "/nix/store/ks8acr22s4iggnmvxydm5czl30racy32-python3-3.12.5"
      },
      "system": "x86_64-darwin",
      "group": "toplevel",
      "priority": 5
    },
    {
      "attr_path": "python3",
      "broken": false,
      "derivation": "/nix/store/5k1b6g2qgy2a7kiis6snyidzryz6bljl-python3-3.12.5.drv",
      "description": "High-level dynamically-typed programming language",
      "install_id": "python3",
      "license": "Python-2.0",
      "locked_url": "https://github.com/flox/nixpkgs?rev=4f807e8940284ad7925ebd0a0993d2a1791acb2f",
      "name": "python3-3.12.5",
      "pname": "python3",
      "rev": "4f807e8940284ad7925ebd0a0993d2a1791acb2f",
      "rev_count": 680062,
      "rev_date": "2024-09-11T13:54:33Z",
      "scrape_date": "2024-09-14T03:13:36Z",
      "stabilities": [
        "unstable"
      ],
      "unfree": false,
      "version": "3.12.5",
      "outputs_to_install": [
        "out"
      ],
      "outputs": {
        "debug": "/nix/store/0a39pi2s6kxqc3kjjz2y9yzibd62zhhb-python3-3.12.5-debug",
        "out": "/nix/store/h3i0acpmr8mrjx07519xxmidv8mpax4y-python3-3.12.5"
      },
      "system": "x86_64-linux",
      "group": "toplevel",
      "priority": 5
    },
    {
      "attr_path": "snappy",
      "broken": false,
      "derivation": "/nix/store/qwirmlbhajs0f8r5rsdrqjijndaiycc9-snappy-1.2.1.drv",
      "description": "Compression/decompression library for very high speeds",
      "install_id": "snappy",
      "license": "BSD-3-Clause",
      "locked_url": "https://github.com/flox/nixpkgs?rev=4f807e8940284ad7925ebd0a0993d2a1791acb2f",
      "name": "snappy-1.2.1",
      "pname": "snappy",
      "rev": "4f807e8940284ad7925ebd0a0993d2a1791acb2f",
      "rev_count": 680062,
      "rev_date": "2024-09-11T13:54:33Z",
      "scrape_date": "2024-09-14T03:13:36Z",
      "stabilities": [
        "unstable"
      ],
      "unfree": false,
      "version": "1.2.1",
      "outputs_to_install": [
        "out"
      ],
      "outputs": {
        "dev": "/nix/store/5b29yj5cg1sw4azl5w7c70r8r5rp38by-snappy-1.2.1-dev",
        "out": "/nix/store/6b75fk5nx8b1pr9dcfpmknqq8bxb9mik-snappy-1.2.1"
      },
      "system": "aarch64-darwin",
      "group": "toplevel",
      "priority": 5
    },
    {
      "attr_path": "snappy",
      "broken": false,
      "derivation": "/nix/store/m13x5c1ifnbchhgmrrvnrb94m0kv04n2-snappy-1.2.1.drv",
      "description": "Compression/decompression library for very high speeds",
      "install_id": "snappy",
      "license": "BSD-3-Clause",
      "locked_url": "https://github.com/flox/nixpkgs?rev=4f807e8940284ad7925ebd0a0993d2a1791acb2f",
      "name": "snappy-1.2.1",
      "pname": "snappy",
      "rev": "4f807e8940284ad7925ebd0a0993d2a1791acb2f",
      "rev_count": 680062,
      "rev_date": "2024-09-11T13:54:33Z",
      "scrape_date": "2024-09-14T03:13:36Z",
      "stabilities": [
        "unstable"
      ],
      "unfree": false,
      "version": "1.2.1",
      "outputs_to_install": [
        "out"
      ],
      "outputs": {
        "dev": "/nix/store/iy396mz2bdfp09fpc0lyjvwcikc6ffrg-snappy-1.2.1-dev",
        "out": "/nix/store/ciqh2rvnp165w9f3w5ki9pca0c0z1a13-snappy-1.2.1"
      },
      "system": "aarch64-linux",
      "group": "toplevel",
      "priority": 5
    },
    {
      "attr_path": "snappy",
      "broken": false,
      "derivation": "/nix/store/ryiy4w5hnkjsdkp3cdf2nnzfpq1rldn2-snappy-1.2.1.drv",
      "description": "Compression/decompression library for very high speeds",
      "install_id": "snappy",
      "license": "BSD-3-Clause",
      "locked_url": "https://github.com/flox/nixpkgs?rev=4f807e8940284ad7925ebd0a0993d2a1791acb2f",
      "name": "snappy-1.2.1",
      "pname": "snappy",
      "rev": "4f807e8940284ad7925ebd0a0993d2a1791acb2f",
      "rev_count": 680062,
      "rev_date": "2024-09-11T13:54:33Z",
      "scrape_date": "2024-09-14T03:13:36Z",
      "stabilities": [
        "unstable"
      ],
      "unfree": false,
      "version": "1.2.1",
      "outputs_to_install": [
        "out"
      ],
      "outputs": {
        "dev": "/nix/store/dxxcm62dgiyplii588bh9zbrngqagird-snappy-1.2.1-dev",
        "out": "/nix/store/f7ibcynn2x1x2m7q7arqd27gw82ihmbs-snappy-1.2.1"
      },
      "system": "x86_64-darwin",
      "group": "toplevel",
      "priority": 5
    },
    {
      "attr_path": "snappy",
      "broken": false,
      "derivation": "/nix/store/459v6qclvhgayldwsaglr59kp3c1rig3-snappy-1.2.1.drv",
      "description": "Compression/decompression library for very high speeds",
      "install_id": "snappy",
      "license": "BSD-3-Clause",
      "locked_url": "https://github.com/flox/nixpkgs?rev=4f807e8940284ad7925ebd0a0993d2a1791acb2f",
      "name": "snappy-1.2.1",
      "pname": "snappy",
      "rev": "4f807e8940284ad7925ebd0a0993d2a1791acb2f",
      "rev_count": 680062,
      "rev_date": "2024-09-11T13:54:33Z",
      "scrape_date": "2024-09-14T03:13:36Z",
      "stabilities": [
        "unstable"
      ],
      "unfree": false,
      "version": "1.2.1",
      "outputs_to_install": [
        "out"
      ],
      "outputs": {
        "dev": "/nix/store/svc9y9kkffdlxd65mq3710vcm2bybxa9-snappy-1.2.1-dev",
        "out": "/nix/store/y6miv1y5wkgv06zsywki79waz1r0jlk0-snappy-1.2.1"
      },
      "system": "x86_64-linux",
      "group": "toplevel",
      "priority": 5
    }
  ]
}